<?xml version="1.0" encoding="UTF-8" standalone="yes" ?>
<CodeBlocks_project_file>
	<FileVersion major="1" minor="6" />
	<Project>
		<Option title="cvm_shared" />
		<Option pch_mode="2" />
		<Option compiler="gcc" />
		<Build>
			<Target title="Debug">
				<Option output="bin/Debug/cvm_shared" prefix_auto="1" extension_auto="1" />
				<Option object_output="obj/Debug/" />
				<Option type="1" />
				<Option compiler="gcc" />
				<Compiler>
					<Add option="-g" />
				</Compiler>
			</Target>
			<Target title="Release">
				<Option output="bin/Release/cvm_shared" prefix_auto="1" extension_auto="1" />
				<Option object_output="obj/Release/" />
				<Option type="1" />
				<Option compiler="gcc" />
				<Compiler>
					<Add option="-O2" />
				</Compiler>
				<Linker>
					<Add option="-s" />
				</Linker>
			</Target>
		</Build>
		<Compiler>
			<Add option="-Wall" />
			<Add directory="/home/carl/Code/cvm_shared/cvm_shared/" />
		</Compiler>
		<Linker>
			<Add library="SDL2" />
			<Add library="SDL2_ttf" />
			<Add library="SDL2_image" />
			<Add library="GL" />
			<Add library="libatomic" />
		</Linker>
		<Unit filename="LICENSE" />
		<Unit filename="README.md" />
		<Unit filename="TODO" />
		<Unit filename="cvm_camera.c">
			<Option compilerVar="CC" />
		</Unit>
		<Unit filename="cvm_camera.h" />
		<Unit filename="cvm_gl_functions.c">
			<Option compilerVar="CC" />
		</Unit>
		<Unit filename="cvm_gl_functions.h" />
		<Unit filename="cvm_list.c">
			<Option compilerVar="CC" />
		</Unit>
		<Unit filename="cvm_list.h" />
		<Unit filename="cvm_managed_buffer.c">
			<Option compilerVar="CC" />
		</Unit>
		<Unit filename="cvm_managed_buffer.h" />
		<Unit filename="cvm_math.c">
			<Option compilerVar="CC" />
		</Unit>
		<Unit filename="cvm_math.h" />
		<Unit filename="cvm_mesh.c">
			<Option compilerVar="CC" />
		</Unit>
		<Unit filename="cvm_mesh.h" />
		<Unit filename="cvm_overlay.c">
			<Option compilerVar="CC" />
		</Unit>
		<Unit filename="cvm_overlay.h" />
		<Unit filename="cvm_random.h" />
		<Unit filename="cvm_shader.c">
			<Option compilerVar="CC" />
		</Unit>
		<Unit filename="cvm_shader.h" />
		<Unit filename="cvm_shared.h" />
		<Unit filename="cvm_view.h" />
		<Unit filename="cvm_widget.c">
			<Option compilerVar="CC" />
		</Unit>
		<Unit filename="cvm_widget.h" />
		<Unit filename="main.c">
			<Option compilerVar="CC" />
		</Unit>
		<Unit filename="shaders/overlay_frag.glsl" />
		<Unit filename="shaders/overlay_vert.glsl" />
		<Unit filename="themes/cubic.c">
			<Option compilerVar="CC" />
		</Unit>
		<Unit filename="themes/cubic.h" />
		<Unit filename="widgets/anchor.c">
			<Option compilerVar="CC" />
		</Unit>
		<Unit filename="widgets/anchor.h" />
		<Unit filename="widgets/box.c">
			<Option compilerVar="CC" />
		</Unit>
		<Unit filename="widgets/box.h" />
		<Unit filename="widgets/button.c">
			<Option compilerVar="CC" />
		</Unit>
		<Unit filename="widgets/button.h" />
		<Unit filename="widgets/container.c">
			<Option compilerVar="CC" />
		</Unit>
		<Unit filename="widgets/container.h" />
		<Unit filename="widgets/contiguous_box.c">
			<Option compilerVar="CC" />
		</Unit>
		<Unit filename="widgets/contiguous_box.h" />
		<Unit filename="widgets/enterbox.c">
			<Option compilerVar="CC" />
		</Unit>
		<Unit filename="widgets/enterbox.h" />
		<Unit filename="widgets/file_search.c">
			<Option compilerVar="CC" />
		</Unit>
		<Unit filename="widgets/file_search.h" />
		<Unit filename="widgets/misc.c">
			<Option compilerVar="CC" />
		</Unit>
		<Unit filename="widgets/misc.h" />
		<Unit filename="widgets/panel.c">
			<Option compilerVar="CC" />
		</Unit>
		<Unit filename="widgets/panel.h" />
		<Unit filename="widgets/popup.c">
			<Option compilerVar="CC" />
		</Unit>
		<Unit filename="widgets/popup.h" />
		<Unit filename="widgets/resize_constraint.c">
			<Option compilerVar="CC" />
		</Unit>
		<Unit filename="widgets/resize_constraint.h" />
		<Unit filename="widgets/sliderbar.c">
			<Option compilerVar="CC" />
		</Unit>
		<Unit filename="widgets/sliderbar.h" />
		<Unit filename="widgets/tab.c">
			<Option compilerVar="CC" />
		</Unit>
		<Unit filename="widgets/tab.h" />
		<Unit filename="widgets/text_bar.c">
			<Option compilerVar="CC" />
		</Unit>
		<Unit filename="widgets/text_bar.h" />
		<Unit filename="widgets/textbox.c">
			<Option compilerVar="CC" />
		</Unit>
		<Unit filename="widgets/textbox.h" />
		<Extensions>
			<envvars />
			<code_completion />
			<debugger />
			<lib_finder disable_auto="1" />
		</Extensions>
	</Project>
</CodeBlocks_project_file>
